
Microsoft Visual Studio Solution File, Format Version 12.00
# Visual Studio 15
VisualStudioVersion = 15.0.28307.960
MinimumVisualStudioVersion = 10.0.40219.1
Project("{8BC9CEB8-8B4A-11D0-8D11-00A0C91BC942}") = "p1022", "p1022.vcxproj", "{9CC56C08-0E3A-4FD2-A4AB-CB09CCEC0331}"
EndProject
Global
	GlobalSection(SolutionConfigurationPlatforms) = preSolution
		Debug|x64 = Debug|x64
		Debug|x86 = Debug|x86
		Release|x64 = Release|x64
		Release|x86 = Release|x86
	EndGlobalSection
	GlobalSection(ProjectConfigurationPlatforms) = postSolution
		{9CC56C08-0E3A-4FD2-A4AB-CB09CCEC0331}.Debug|x64.ActiveCfg = Debug|x64
		{9CC56C08-0E3A-4FD2-A4AB-CB09CCEC0331}.Debug|x64.Build.0 = Debug|x64
		{9CC56C08-0E3A-4FD2-A4AB-CB09CCEC0331}.Debug|x86.ActiveCfg = Debug|Win32
		{9CC56C08-0E3A-4FD2-A4AB-CB09CCEC0331}.Debug|x86.Build.0 = Debug|Win32
		{9CC56C08-0E3A-4FD2-A4AB-CB09CCEC0331}.Release|x64.ActiveCfg = Release|x64
		{9CC56C08-0E3A-4FD2-A4AB-CB09CCEC0331}.Release|x64.Build.0 = Release|x64
		{9CC56C08-0E3A-4FD2-A4AB-CB09CCEC0331}.Release|x86.ActiveCfg = Release|Win32
		{9CC56C08-0E3A-4FD2-A4AB-CB09CCEC0331}.Release|x86.Build.0 = Release|Win32
	EndGlobalSection
	GlobalSection(SolutionProperties) = preSolution
		HideSolutionNode = FALSE
	EndGlobalSection
	GlobalSection(ExtensibilityGlobals) = postSolution
		SolutionGuid = {33988983-06F5-4DC0-AD6F-22B1875A0B60}
	EndGlobalSection
EndGlobal
