
Microsoft Visual Studio Solution File, Format Version 12.00
# Visual Studio 15
VisualStudioVersion = 15.0.28307.1000
MinimumVisualStudioVersion = 10.0.40219.1
Project("{8BC9CEB8-8B4A-11D0-8D11-00A0C91BC942}") = "prog3", "prog3.vcxproj", "{43FE0975-D4D7-4B21-BB6C-ABA9E4B4A3E3}"
EndProject
Global
	GlobalSection(SolutionConfigurationPlatforms) = preSolution
		Debug|x64 = Debug|x64
		Debug|x86 = Debug|x86
		Release|x64 = Release|x64
		Release|x86 = Release|x86
	EndGlobalSection
	GlobalSection(ProjectConfigurationPlatforms) = postSolution
		{43FE0975-D4D7-4B21-BB6C-ABA9E4B4A3E3}.Debug|x64.ActiveCfg = Debug|x64
		{43FE0975-D4D7-4B21-BB6C-ABA9E4B4A3E3}.Debug|x64.Build.0 = Debug|x64
		{43FE0975-D4D7-4B21-BB6C-ABA9E4B4A3E3}.Debug|x86.ActiveCfg = Debug|Win32
		{43FE0975-D4D7-4B21-BB6C-ABA9E4B4A3E3}.Debug|x86.Build.0 = Debug|Win32
		{43FE0975-D4D7-4B21-BB6C-ABA9E4B4A3E3}.Release|x64.ActiveCfg = Release|x64
		{43FE0975-D4D7-4B21-BB6C-ABA9E4B4A3E3}.Release|x64.Build.0 = Release|x64
		{43FE0975-D4D7-4B21-BB6C-ABA9E4B4A3E3}.Release|x86.ActiveCfg = Release|Win32
		{43FE0975-D4D7-4B21-BB6C-ABA9E4B4A3E3}.Release|x86.Build.0 = Release|Win32
	EndGlobalSection
	GlobalSection(SolutionProperties) = preSolution
		HideSolutionNode = FALSE
	EndGlobalSection
	GlobalSection(ExtensibilityGlobals) = postSolution
		SolutionGuid = {03E8B1A6-C885-4925-A281-4D1DD68535DE}
	EndGlobalSection
EndGlobal
